
Microsoft Visual Studio Solution File, Format Version 11.00
# Visual Studio 2010
Project("{FAE04EC0-301F-11D3-BF4B-00C04F79EFBC}") = "MassGame", "MassGame\MassGame.csproj", "{F51FE676-F629-4FFE-96E2-D582AAB60A0A}"
EndProject
Project("{2150E333-8FDC-42A3-9474-1A3956D46DE8}") = "Solution Items", "Solution Items", "{321AF017-E0C0-4DCF-8FEF-A6480BFDA2E0}"
	ProjectSection(SolutionItems) = preProject
		MassGame\E_BlackWhole.cs = MassGame\E_BlackWhole.cs
		MassGame\E_Cannon.cs = MassGame\E_Cannon.cs
	EndProjectSection
EndProject
Global
	GlobalSection(SolutionConfigurationPlatforms) = preSolution
		Debug|Any CPU = Debug|Any CPU
		Release|Any CPU = Release|Any CPU
	EndGlobalSection
	GlobalSection(ProjectConfigurationPlatforms) = postSolution
		{F51FE676-F629-4FFE-96E2-D582AAB60A0A}.Debug|Any CPU.ActiveCfg = Debug|Any CPU
		{F51FE676-F629-4FFE-96E2-D582AAB60A0A}.Debug|Any CPU.Build.0 = Debug|Any CPU
		{F51FE676-F629-4FFE-96E2-D582AAB60A0A}.Release|Any CPU.ActiveCfg = Release|Any CPU
		{F51FE676-F629-4FFE-96E2-D582AAB60A0A}.Release|Any CPU.Build.0 = Release|Any CPU
	EndGlobalSection
	GlobalSection(NestedProjects) = preSolution
	EndGlobalSection
	GlobalSection(MonoDevelopProperties) = preSolution
		StartupItem = MassGame\MassGame.csproj
		Policies = $0
		$0.DotNetNamingPolicy = $1
		$1.DirectoryNamespaceAssociation = None
		$1.ResourceNamePolicy = FileFormatDefault
		$0.StandardHeader = $2
		$2.Text = @Copyright (C) 2015 Timothy A. Oltjenbruns\n\nThis program is free software; you can redistribute it and/or modify\nit under the terms of the GNU General Public License as published by\nthe Free Software Foundation; either version 2 of the License, or\n(at your option) any later version.\n\nThis program is distributed in the hope that it will be useful,\nbut WITHOUT ANY WARRANTY; without even the implied warranty of\nMERCHANTABILITY or FITNESS FOR A PARTICULAR PURPOSE.  See the\nGNU General Public License for more details.\n \nYou should have received a copy of the GNU General Public License along\nwith this program; if not, write to the Free Software Foundation, Inc.,\n51 Franklin Street, Fifth Floor, Boston, MA 02110-1301 USA.
		$2.IncludeInNewFiles = True
		$0.TextStylePolicy = $3
		$3.inheritsSet = null
		$3.scope = text/x-csharp
		$0.CSharpFormattingPolicy = $4
		$4.NamespaceBraceStyle = EndOfLine
		$4.ClassBraceStyle = EndOfLine
		$4.InterfaceBraceStyle = EndOfLine
		$4.StructBraceStyle = EndOfLine
		$4.EnumBraceStyle = EndOfLine
		$4.MethodBraceStyle = EndOfLine
		$4.ConstructorBraceStyle = EndOfLine
		$4.DestructorBraceStyle = EndOfLine
		$4.IfElseBraceForcement = RemoveBraces
		$4.ForBraceForcement = RemoveBraces
		$4.WhileBraceForcement = RemoveBraces
		$4.UsingBraceForcement = RemoveBraces
		$4.FixedBraceForcement = RemoveBraces
		$4.PlaceElseOnNewLine = True
		$4.inheritsSet = Mono
		$4.inheritsScope = text/x-csharp
		$4.scope = text/x-csharp
		description = Proof of Concept
	EndGlobalSection
EndGlobal
